
Microsoft Visual Studio Solution File, Format Version 12.00
# Visual Studio Version 17
VisualStudioVersion = 17.9.34714.143
MinimumVisualStudioVersion = 10.0.40219.1
Project("{FAE04EC0-301F-11D3-BF4B-00C04F79EFBC}") = "Website", "Website\Website.csproj", "{AEE2F0A0-7CCF-46D9-B43D-6737FEBAC65B}"
EndProject
Global
	GlobalSection(SolutionConfigurationPlatforms) = preSolution
		Debug|Any CPU = Debug|Any CPU
		Release|Any CPU = Release|Any CPU
	EndGlobalSection
	GlobalSection(ProjectConfigurationPlatforms) = postSolution
		{AEE2F0A0-7CCF-46D9-B43D-6737FEBAC65B}.Debug|Any CPU.ActiveCfg = Debug|Any CPU
		{AEE2F0A0-7CCF-46D9-B43D-6737FEBAC65B}.Debug|Any CPU.Build.0 = Debug|Any CPU
		{AEE2F0A0-7CCF-46D9-B43D-6737FEBAC65B}.Release|Any CPU.ActiveCfg = Release|Any CPU
		{AEE2F0A0-7CCF-46D9-B43D-6737FEBAC65B}.Release|Any CPU.Build.0 = Release|Any CPU
	EndGlobalSection
	GlobalSection(SolutionProperties) = preSolution
		HideSolutionNode = FALSE
	EndGlobalSection
	GlobalSection(ExtensibilityGlobals) = postSolution
		SolutionGuid = {57FCC7E0-7AE1-43AC-9B42-81CAD51F30E8}
	EndGlobalSection
EndGlobal
